github.com/fadhil004/go-say-hello v1.0.0 h1:h2BmAyhhkowD+Bika5Bs0k5p1w81uD3mbEOJoq6AU7g=
github.com/fadhil004/go-say-hello v1.0.0/go.mod h1:gIwhiWAkZ0mCBTmn9bT/YB19diLvRkY39vWR6jhXAYU=
github.com/fadhil004/go-say-hello v1.5.0 h1:smWyBpmN/l07JrQXgxjHwH2M9efQblxaZoDm4hIT8iA=
github.com/fadhil004/go-say-hello v1.5.0/go.mod h1:gIwhiWAkZ0mCBTmn9bT/YB19diLvRkY39vWR6jhXAYU=
